
Microsoft Visual Studio Solution File, Format Version 12.00
# Visual Studio Version 17
VisualStudioVersion = 17.7.34031.279
MinimumVisualStudioVersion = 10.0.40219.1
Project("{FAE04EC0-301F-11D3-BF4B-00C04F79EFBC}") = "Login repository pattern", "Login repository pattern\Login repository pattern.csproj", "{33C88285-CD0E-4C5A-9659-C604D6EB214C}"
EndProject
Global
	GlobalSection(SolutionConfigurationPlatforms) = preSolution
		Debug|Any CPU = Debug|Any CPU
		Release|Any CPU = Release|Any CPU
	EndGlobalSection
	GlobalSection(ProjectConfigurationPlatforms) = postSolution
		{33C88285-CD0E-4C5A-9659-C604D6EB214C}.Debug|Any CPU.ActiveCfg = Debug|Any CPU
		{33C88285-CD0E-4C5A-9659-C604D6EB214C}.Debug|Any CPU.Build.0 = Debug|Any CPU
		{33C88285-CD0E-4C5A-9659-C604D6EB214C}.Release|Any CPU.ActiveCfg = Release|Any CPU
		{33C88285-CD0E-4C5A-9659-C604D6EB214C}.Release|Any CPU.Build.0 = Release|Any CPU
	EndGlobalSection
	GlobalSection(SolutionProperties) = preSolution
		HideSolutionNode = FALSE
	EndGlobalSection
	GlobalSection(ExtensibilityGlobals) = postSolution
		SolutionGuid = {7CD56116-DB42-4C67-94B5-F6EE9DB60273}
	EndGlobalSection
EndGlobal
